Microsoft Visual Studio Solution File, Format Version 12.00
# Visual Studio Version 17
VisualStudioVersion = 17.0.31903.59
MinimumVisualStudioVersion = 10.0.40219.1
Project("{FAE04EC0-301F-11D3-BF4B-00C04F79EFBC}") = "MeetingInterpreter", "MeetingInterpreter.csproj", "{C48B0E58-E0F7-4A2C-83D1-BE66229E1A29}"
EndProject
Project("{FAE04EC0-301F-11D3-BF4B-00C04F79EFBC}") = "MeetingInterpreter.Updater", "MeetingInterpreter.Updater\MeetingInterpreter.Updater.csproj", "{B253D61B-5906-44D4-A8A8-63B1D6904469}"
EndProject
Global
	GlobalSection(SolutionConfigurationPlatforms) = preSolution
		Debug|Any CPU = Debug|Any CPU
		Release|Any CPU = Release|Any CPU
	EndGlobalSection
	GlobalSection(ProjectConfigurationPlatforms) = postSolution
		{C48B0E58-E0F7-4A2C-83D1-BE66229E1A29}.Debug|Any CPU.ActiveCfg = Debug|Any CPU
		{C48B0E58-E0F7-4A2C-83D1-BE66229E1A29}.Debug|Any CPU.Build.0 = Debug|Any CPU
		{C48B0E58-E0F7-4A2C-83D1-BE66229E1A29}.Release|Any CPU.ActiveCfg = Release|Any CPU
		{C48B0E58-E0F7-4A2C-83D1-BE66229E1A29}.Release|Any CPU.Build.0 = Release|Any CPU
		{B253D61B-5906-44D4-A8A8-63B1D6904469}.Debug|Any CPU.ActiveCfg = Debug|Any CPU
		{B253D61B-5906-44D4-A8A8-63B1D6904469}.Debug|Any CPU.Build.0 = Debug|Any CPU
		{B253D61B-5906-44D4-A8A8-63B1D6904469}.Release|Any CPU.ActiveCfg = Release|Any CPU
		{B253D61B-5906-44D4-A8A8-63B1D6904469}.Release|Any CPU.Build.0 = Release|Any CPU
	EndGlobalSection
	GlobalSection(SolutionProperties) = preSolution
		HideSolutionNode = FALSE
	EndGlobalSection
EndGlobal
